
Microsoft Visual Studio Solution File, Format Version 12.00
# Visual Studio Version 17
VisualStudioVersion = 17.3.32901.215
MinimumVisualStudioVersion = 10.0.40219.1
Project("{FAE04EC0-301F-11D3-BF4B-00C04F79EFBC}") = "fiyat hesaplama 1359", "fiyat hesaplama 1359\fiyat hesaplama 1359.csproj", "{851AD42B-CB09-4950-947D-207D360ADDDD}"
EndProject
Global
	GlobalSection(SolutionConfigurationPlatforms) = preSolution
		Debug|Any CPU = Debug|Any CPU
		Release|Any CPU = Release|Any CPU
	EndGlobalSection
	GlobalSection(ProjectConfigurationPlatforms) = postSolution
		{851AD42B-CB09-4950-947D-207D360ADDDD}.Debug|Any CPU.ActiveCfg = Debug|Any CPU
		{851AD42B-CB09-4950-947D-207D360ADDDD}.Debug|Any CPU.Build.0 = Debug|Any CPU
		{851AD42B-CB09-4950-947D-207D360ADDDD}.Release|Any CPU.ActiveCfg = Release|Any CPU
		{851AD42B-CB09-4950-947D-207D360ADDDD}.Release|Any CPU.Build.0 = Release|Any CPU
	EndGlobalSection
	GlobalSection(SolutionProperties) = preSolution
		HideSolutionNode = FALSE
	EndGlobalSection
	GlobalSection(ExtensibilityGlobals) = postSolution
		SolutionGuid = {E56523CD-3200-4CDC-BC14-AED8EABC27C7}
	EndGlobalSection
EndGlobal
